
Microsoft Visual Studio Solution File, Format Version 12.00
# Visual Studio Version 16
VisualStudioVersion = 16.0.30114.105
MinimumVisualStudioVersion = 10.0.40219.1
Project("{FAE04EC0-301F-11D3-BF4B-00C04F79EFBC}") = "NetflixReviewService", "src\NetflixReviewService.csproj", "{001F53AD-069B-4F0A-9751-531C856232D7}"
EndProject
Project("{2150E333-8FDC-42A3-9474-1A3956D46DE8}") = "test", "test", "{C485E53B-829F-456A-A4B0-88D4CC78CF76}"
EndProject
Project("{FAE04EC0-301F-11D3-BF4B-00C04F79EFBC}") = "NetflixReviewService.UnitTests", "test\NetflixReviewService.UnitTests\NetflixReviewService.UnitTests.csproj", "{C035DBA5-5670-47B0-AD9C-9D41784020EC}"
EndProject
Project("{FAE04EC0-301F-11D3-BF4B-00C04F79EFBC}") = "NetflixReviewService.IntegrationTests", "test\NetflixReviewService.IntegrationTests\NetflixReviewService.IntegrationTests.csproj", "{9D105A2E-AF00-4FD4-8A02-DC7D9DCBD25D}"
EndProject
Global
	GlobalSection(SolutionConfigurationPlatforms) = preSolution
		Debug|Any CPU = Debug|Any CPU
		Debug|x64 = Debug|x64
		Debug|x86 = Debug|x86
		Release|Any CPU = Release|Any CPU
		Release|x64 = Release|x64
		Release|x86 = Release|x86
	EndGlobalSection
	GlobalSection(SolutionProperties) = preSolution
		HideSolutionNode = FALSE
	EndGlobalSection
	GlobalSection(ProjectConfigurationPlatforms) = postSolution
		{001F53AD-069B-4F0A-9751-531C856232D7}.Debug|Any CPU.ActiveCfg = Debug|Any CPU
		{001F53AD-069B-4F0A-9751-531C856232D7}.Debug|Any CPU.Build.0 = Debug|Any CPU
		{001F53AD-069B-4F0A-9751-531C856232D7}.Debug|x64.ActiveCfg = Debug|Any CPU
		{001F53AD-069B-4F0A-9751-531C856232D7}.Debug|x64.Build.0 = Debug|Any CPU
		{001F53AD-069B-4F0A-9751-531C856232D7}.Debug|x86.ActiveCfg = Debug|Any CPU
		{001F53AD-069B-4F0A-9751-531C856232D7}.Debug|x86.Build.0 = Debug|Any CPU
		{001F53AD-069B-4F0A-9751-531C856232D7}.Release|Any CPU.ActiveCfg = Release|Any CPU
		{001F53AD-069B-4F0A-9751-531C856232D7}.Release|Any CPU.Build.0 = Release|Any CPU
		{001F53AD-069B-4F0A-9751-531C856232D7}.Release|x64.ActiveCfg = Release|Any CPU
		{001F53AD-069B-4F0A-9751-531C856232D7}.Release|x64.Build.0 = Release|Any CPU
		{001F53AD-069B-4F0A-9751-531C856232D7}.Release|x86.ActiveCfg = Release|Any CPU
		{001F53AD-069B-4F0A-9751-531C856232D7}.Release|x86.Build.0 = Release|Any CPU
		{C035DBA5-5670-47B0-AD9C-9D41784020EC}.Debug|Any CPU.ActiveCfg = Debug|Any CPU
		{C035DBA5-5670-47B0-AD9C-9D41784020EC}.Debug|Any CPU.Build.0 = Debug|Any CPU
		{C035DBA5-5670-47B0-AD9C-9D41784020EC}.Debug|x64.ActiveCfg = Debug|Any CPU
		{C035DBA5-5670-47B0-AD9C-9D41784020EC}.Debug|x64.Build.0 = Debug|Any CPU
		{C035DBA5-5670-47B0-AD9C-9D41784020EC}.Debug|x86.ActiveCfg = Debug|Any CPU
		{C035DBA5-5670-47B0-AD9C-9D41784020EC}.Debug|x86.Build.0 = Debug|Any CPU
		{C035DBA5-5670-47B0-AD9C-9D41784020EC}.Release|Any CPU.ActiveCfg = Release|Any CPU
		{C035DBA5-5670-47B0-AD9C-9D41784020EC}.Release|Any CPU.Build.0 = Release|Any CPU
		{C035DBA5-5670-47B0-AD9C-9D41784020EC}.Release|x64.ActiveCfg = Release|Any CPU
		{C035DBA5-5670-47B0-AD9C-9D41784020EC}.Release|x64.Build.0 = Release|Any CPU
		{C035DBA5-5670-47B0-AD9C-9D41784020EC}.Release|x86.ActiveCfg = Release|Any CPU
		{C035DBA5-5670-47B0-AD9C-9D41784020EC}.Release|x86.Build.0 = Release|Any CPU
		{9D105A2E-AF00-4FD4-8A02-DC7D9DCBD25D}.Debug|Any CPU.ActiveCfg = Debug|Any CPU
		{9D105A2E-AF00-4FD4-8A02-DC7D9DCBD25D}.Debug|Any CPU.Build.0 = Debug|Any CPU
		{9D105A2E-AF00-4FD4-8A02-DC7D9DCBD25D}.Debug|x64.ActiveCfg = Debug|Any CPU
		{9D105A2E-AF00-4FD4-8A02-DC7D9DCBD25D}.Debug|x64.Build.0 = Debug|Any CPU
		{9D105A2E-AF00-4FD4-8A02-DC7D9DCBD25D}.Debug|x86.ActiveCfg = Debug|Any CPU
		{9D105A2E-AF00-4FD4-8A02-DC7D9DCBD25D}.Debug|x86.Build.0 = Debug|Any CPU
		{9D105A2E-AF00-4FD4-8A02-DC7D9DCBD25D}.Release|Any CPU.ActiveCfg = Release|Any CPU
		{9D105A2E-AF00-4FD4-8A02-DC7D9DCBD25D}.Release|Any CPU.Build.0 = Release|Any CPU
		{9D105A2E-AF00-4FD4-8A02-DC7D9DCBD25D}.Release|x64.ActiveCfg = Release|Any CPU
		{9D105A2E-AF00-4FD4-8A02-DC7D9DCBD25D}.Release|x64.Build.0 = Release|Any CPU
		{9D105A2E-AF00-4FD4-8A02-DC7D9DCBD25D}.Release|x86.ActiveCfg = Release|Any CPU
		{9D105A2E-AF00-4FD4-8A02-DC7D9DCBD25D}.Release|x86.Build.0 = Release|Any CPU
	EndGlobalSection
	GlobalSection(NestedProjects) = preSolution
		{C035DBA5-5670-47B0-AD9C-9D41784020EC} = {C485E53B-829F-456A-A4B0-88D4CC78CF76}
		{9D105A2E-AF00-4FD4-8A02-DC7D9DCBD25D} = {C485E53B-829F-456A-A4B0-88D4CC78CF76}
	EndGlobalSection
EndGlobal
